// !$*UTF8*$!
{
	archiveVersion = 1;
	classes = {
	};
	objectVersion = 50;
	objects = {

/* Begin PBXBuildFile section */
		1711916821E279F800959C04 /* ContentViewController.swift in Sources */ = {isa = PBXBuildFile; fileRef = 1711916721E279F800959C04 /* ContentViewController.swift */; };
		1711916A21E27AF200959C04 /* LocationsMapViewController.swift in Sources */ = {isa = PBXBuildFile; fileRef = 1711916921E27AF200959C04 /* LocationsMapViewController.swift */; };
		1711916C21E27B0300959C04 /* LocationsListViewController.swift in Sources */ = {isa = PBXBuildFile; fileRef = 1711916B21E27B0300959C04 /* LocationsListViewController.swift */; };
		1711916E21E2852100959C04 /* LocationTableViewCell.swift in Sources */ = {isa = PBXBuildFile; fileRef = 1711916D21E2852100959C04 /* LocationTableViewCell.swift */; };
		1711917021E28AC400959C04 /* AddLocationViewController.swift in Sources */ = {isa = PBXBuildFile; fileRef = 1711916F21E28AC400959C04 /* AddLocationViewController.swift */; };
		1711917221E28AE800959C04 /* LocationDetailsViewController.swift in Sources */ = {isa = PBXBuildFile; fileRef = 1711917121E28AE800959C04 /* LocationDetailsViewController.swift */; };
		173CEF8121E111BF00723DE4 /* UIViewController.swift in Sources */ = {isa = PBXBuildFile; fileRef = 173CEF8021E111BF00723DE4 /* UIViewController.swift */; };
		174B6AE421E10873007DCB8A /* AppDelegate.swift in Sources */ = {isa = PBXBuildFile; fileRef = 174B6AE321E10873007DCB8A /* AppDelegate.swift */; };
		174B6AE621E10873007DCB8A /* LoginViewController.swift in Sources */ = {isa = PBXBuildFile; fileRef = 174B6AE521E10873007DCB8A /* LoginViewController.swift */; };
		174B6AE921E10873007DCB8A /* Main.storyboard in Resources */ = {isa = PBXBuildFile; fileRef = 174B6AE721E10873007DCB8A /* Main.storyboard */; };
		174B6AEB21E10874007DCB8A /* Assets.xcassets in Resources */ = {isa = PBXBuildFile; fileRef = 174B6AEA21E10874007DCB8A /* Assets.xcassets */; };
		174B6AEE21E10874007DCB8A /* LaunchScreen.storyboard in Resources */ = {isa = PBXBuildFile; fileRef = 174B6AEC21E10874007DCB8A /* LaunchScreen.storyboard */; };
		174B6AF921E10A1C007DCB8A /* StudentInformation.swift in Sources */ = {isa = PBXBuildFile; fileRef = 174B6AF821E10A1C007DCB8A /* StudentInformation.swift */; };
		174B6AFB21E10A77007DCB8A /* LocationsData.swift in Sources */ = {isa = PBXBuildFile; fileRef = 174B6AFA21E10A77007DCB8A /* LocationsData.swift */; };
		174B6AFD21E10A8D007DCB8A /* UserProfile.swift in Sources */ = {isa = PBXBuildFile; fileRef = 174B6AFC21E10A8D007DCB8A /* UserProfile.swift */; };
		174B6B0021E10B11007DCB8A /* Network.swift in Sources */ = {isa = PBXBuildFile; fileRef = 174B6AFF21E10B11007DCB8A /* Network.swift */; };
		174B6B0221E10B24007DCB8A /* NetworkConstants.swift in Sources */ = {isa = PBXBuildFile; fileRef = 174B6B0121E10B24007DCB8A /* NetworkConstants.swift */; };
/* End PBXBuildFile section */

/* Begin PBXFileReference section */
		1711916721E279F800959C04 /* ContentViewController.swift */ = {isa = PBXFileReference; lastKnownFileType = sourcecode.swift; path = ContentViewController.swift; sourceTree = "<group>"; };
		1711916921E27AF200959C04 /* LocationsMapViewController.swift */ = {isa = PBXFileReference; lastKnownFileType = sourcecode.swift; path = LocationsMapViewController.swift; sourceTree = "<group>"; };
		1711916B21E27B0300959C04 /* LocationsListViewController.swift */ = {isa = PBXFileReference; lastKnownFileType = sourcecode.swift; path = LocationsListViewController.swift; sourceTree = "<group>"; };
		1711916D21E2852100959C04 /* LocationTableViewCell.swift */ = {isa = PBXFileReference; lastKnownFileType = sourcecode.swift; path = LocationTableViewCell.swift; sourceTree = "<group>"; };
		1711916F21E28AC400959C04 /* AddLocationViewController.swift */ = {isa = PBXFileReference; lastKnownFileType = sourcecode.swift; path = AddLocationViewController.swift; sourceTree = "<group>"; };
		1711917121E28AE800959C04 /* LocationDetailsViewController.swift */ = {isa = PBXFileReference; lastKnownFileType = sourcecode.swift; path = LocationDetailsViewController.swift; sourceTree = "<group>"; };
		173CEF8021E111BF00723DE4 /* UIViewController.swift */ = {isa = PBXFileReference; lastKnownFileType = sourcecode.swift; path = UIViewController.swift; sourceTree = "<group>"; };
		174B6AE021E10873007DCB8A /* On the Map.app */ = {isa = PBXFileReference; explicitFileType = wrapper.application; includeInIndex = 0; path = "On the Map.app"; sourceTree = BUILT_PRODUCTS_DIR; };
		174B6AE321E10873007DCB8A /* AppDelegate.swift */ = {isa = PBXFileReference; lastKnownFileType = sourcecode.swift; path = AppDelegate.swift; sourceTree = "<group>"; };
		174B6AE521E10873007DCB8A /* LoginViewController.swift */ = {isa = PBXFileReference; lastKnownFileType = sourcecode.swift; path = LoginViewController.swift; sourceTree = "<group>"; };
		174B6AE821E10873007DCB8A /* Base */ = {isa = PBXFileReference; lastKnownFileType = file.storyboard; name = Base; path = Base.lproj/Main.storyboard; sourceTree = "<group>"; };
		174B6AEA21E10874007DCB8A /* Assets.xcassets */ = {isa = PBXFileReference; lastKnownFileType = folder.assetcatalog; path = Assets.xcassets; sourceTree = "<group>"; };
		174B6AED21E10874007DCB8A /* Base */ = {isa = PBXFileReference; lastKnownFileType = file.storyboard; name = Base; path = Base.lproj/LaunchScreen.storyboard; sourceTree = "<group>"; };
		174B6AEF21E10874007DCB8A /* Info.plist */ = {isa = PBXFileReference; lastKnownFileType = text.plist.xml; path = Info.plist; sourceTree = "<group>"; };
		174B6AF821E10A1C007DCB8A /* StudentInformation.swift */ = {isa = PBXFileReference; lastKnownFileType = sourcecode.swift; path = StudentInformation.swift; sourceTree = "<group>"; };
		174B6AFA21E10A77007DCB8A /* LocationsData.swift */ = {isa = PBXFileReference; lastKnownFileType = sourcecode.swift; path = LocationsData.swift; sourceTree = "<group>"; };
		174B6AFC21E10A8D007DCB8A /* UserProfile.swift */ = {isa = PBXFileReference; lastKnownFileType = sourcecode.swift; path = UserProfile.swift; sourceTree = "<group>"; };
		174B6AFF21E10B11007DCB8A /* Network.swift */ = {isa = PBXFileReference; lastKnownFileType = sourcecode.swift; path = Network.swift; sourceTree = "<group>"; };
		174B6B0121E10B24007DCB8A /* NetworkConstants.swift */ = {isa = PBXFileReference; lastKnownFileType = sourcecode.swift; path = NetworkConstants.swift; sourceTree = "<group>"; };
/* End PBXFileReference section */

/* Begin PBXFrameworksBuildPhase section */
		174B6ADD21E10873007DCB8A /* Frameworks */ = {
			isa = PBXFrameworksBuildPhase;
			buildActionMask = 2147483647;
			files = (
			);
			runOnlyForDeploymentPostprocessing = 0;
		};
/* End PBXFrameworksBuildPhase section */

/* Begin PBXGroup section */
		173CEF7F21E111A700723DE4 /* Extionsions */ = {
			isa = PBXGroup;
			children = (
				173CEF8021E111BF00723DE4 /* UIViewController.swift */,
			);
			path = Extionsions;
			sourceTree = "<group>";
		};
		174B6AD721E10873007DCB8A = {
			isa = PBXGroup;
			children = (
				174B6AE221E10873007DCB8A /* On the Map */,
				174B6AE121E10873007DCB8A /* Products */,
			);
			sourceTree = "<group>";
		};
		174B6AE121E10873007DCB8A /* Products */ = {
			isa = PBXGroup;
			children = (
				174B6AE021E10873007DCB8A /* On the Map.app */,
			);
			name = Products;
			sourceTree = "<group>";
		};
		174B6AE221E10873007DCB8A /* On the Map */ = {
			isa = PBXGroup;
			children = (
				174B6AF721E109BF007DCB8A /* Controller */,
				174B6AF621E109BA007DCB8A /* View */,
				174B6AF521E109A9007DCB8A /* Model */,
				174B6AE321E10873007DCB8A /* AppDelegate.swift */,
				174B6AE721E10873007DCB8A /* Main.storyboard */,
				174B6AEA21E10874007DCB8A /* Assets.xcassets */,
				174B6AEC21E10874007DCB8A /* LaunchScreen.storyboard */,
				174B6AEF21E10874007DCB8A /* Info.plist */,
			);
			path = "On the Map";
			sourceTree = "<group>";
		};
		174B6AF521E109A9007DCB8A /* Model */ = {
			isa = PBXGroup;
			children = (
				173CEF7F21E111A700723DE4 /* Extionsions */,
				174B6AFE21E10AEA007DCB8A /* Network */,
				174B6AF821E10A1C007DCB8A /* StudentInformation.swift */,
				174B6AFA21E10A77007DCB8A /* LocationsData.swift */,
				174B6AFC21E10A8D007DCB8A /* UserProfile.swift */,
			);
			path = Model;
			sourceTree = "<group>";
		};
		174B6AF621E109BA007DCB8A /* View */ = {
			isa = PBXGroup;
			children = (
				1711916D21E2852100959C04 /* LocationTableViewCell.swift */,
			);
			path = View;
			sourceTree = "<group>";
		};
		174B6AF721E109BF007DCB8A /* Controller */ = {
			isa = PBXGroup;
			children = (
				174B6AE521E10873007DCB8A /* LoginViewController.swift */,
				1711916721E279F800959C04 /* ContentViewController.swift */,
				1711916921E27AF200959C04 /* LocationsMapViewController.swift */,
				1711916B21E27B0300959C04 /* LocationsListViewController.swift */,
				1711916F21E28AC400959C04 /* AddLocationViewController.swift */,
				1711917121E28AE800959C04 /* LocationDetailsViewController.swift */,
			);
			path = Controller;
			sourceTree = "<group>";
		};
		174B6AFE21E10AEA007DCB8A /* Network */ = {
			isa = PBXGroup;
			children = (
				174B6AFF21E10B11007DCB8A /* Network.swift */,
				174B6B0121E10B24007DCB8A /* NetworkConstants.swift */,
			);
			path = Network;
			sourceTree = "<group>";
		};
/* End PBXGroup section */

/* Begin PBXNativeTarget section */
		174B6ADF21E10873007DCB8A /* On the Map */ = {
			isa = PBXNativeTarget;
			buildConfigurationList = 174B6AF221E10875007DCB8A /* Build configuration list for PBXNativeTarget "On the Map" */;
			buildPhases = (
				174B6ADC21E10873007DCB8A /* Sources */,
				174B6ADD21E10873007DCB8A /* Frameworks */,
				174B6ADE21E10873007DCB8A /* Resources */,
			);
			buildRules = (
			);
			dependencies = (
			);
			name = "On the Map";
			productName = "On the Map";
			productReference = 174B6AE021E10873007DCB8A /* On the Map.app */;
			productType = "com.apple.product-type.application";
		};
/* End PBXNativeTarget section */

/* Begin PBXProject section */
		174B6AD821E10873007DCB8A /* Project object */ = {
			isa = PBXProject;
			attributes = {
				LastSwiftUpdateCheck = 1010;
				LastUpgradeCheck = 1010;
				ORGANIZATIONNAME = Saud;
				TargetAttributes = {
					174B6ADF21E10873007DCB8A = {
						CreatedOnToolsVersion = 10.1;
					};
				};
			};
			buildConfigurationList = 174B6ADB21E10873007DCB8A /* Build configuration list for PBXProject "On the Map" */;
			compatibilityVersion = "Xcode 9.3";
			developmentRegion = en;
			hasScannedForEncodings = 0;
			knownRegions = (
				en,
				Base,
			);
			mainGroup = 174B6AD721E10873007DCB8A;
			productRefGroup = 174B6AE121E10873007DCB8A /* Products */;
			projectDirPath = "";
			projectRoot = "";
			targets = (
				174B6ADF21E10873007DCB8A /* On the Map */,
			);
		};
/* End PBXProject section */

/* Begin PBXResourcesBuildPhase section */
		174B6ADE21E10873007DCB8A /* Resources */ = {
			isa = PBXResourcesBuildPhase;
			buildActionMask = 2147483647;
			files = (
				174B6AEE21E10874007DCB8A /* LaunchScreen.storyboard in Resources */,
				174B6AEB21E10874007DCB8A /* Assets.xcassets in Resources */,
				174B6AE921E10873007DCB8A /* Main.storyboard in Resources */,
			);
			runOnlyForDeploymentPostprocessing = 0;
		};
/* End PBXResourcesBuildPhase section */

/* Begin PBXSourcesBuildPhase section */
		174B6ADC21E10873007DCB8A /* Sources */ = {
			isa = PBXSourcesBuildPhase;
			buildActionMask = 2147483647;
			files = (
				1711916821E279F800959C04 /* ContentViewController.swift in Sources */,
				1711916C21E27B0300959C04 /* LocationsListViewController.swift in Sources */,
				174B6AFB21E10A77007DCB8A /* LocationsData.swift in Sources */,
				1711917021E28AC400959C04 /* AddLocationViewController.swift in Sources */,
				174B6B0221E10B24007DCB8A /* NetworkConstants.swift in Sources */,
				174B6AF921E10A1C007DCB8A /* StudentInformation.swift in Sources */,
				1711916E21E2852100959C04 /* LocationTableViewCell.swift in Sources */,
				174B6AFD21E10A8D007DCB8A /* UserProfile.swift in Sources */,
				1711917221E28AE800959C04 /* LocationDetailsViewController.swift in Sources */,
				174B6AE621E10873007DCB8A /* LoginViewController.swift in Sources */,
				174B6B0021E10B11007DCB8A /* Network.swift in Sources */,
				1711916A21E27AF200959C04 /* LocationsMapViewController.swift in Sources */,
				173CEF8121E111BF00723DE4 /* UIViewController.swift in Sources */,
				174B6AE421E10873007DCB8A /* AppDelegate.swift in Sources */,
			);
			runOnlyForDeploymentPostprocessing = 0;
		};
/* End PBXSourcesBuildPhase section */

/* Begin PBXVariantGroup section */
		174B6AE721E10873007DCB8A /* Main.storyboard */ = {
			isa = PBXVariantGroup;
			children = (
				174B6AE821E10873007DCB8A /* Base */,
			);
			name = Main.storyboard;
			sourceTree = "<group>";
		};
		174B6AEC21E10874007DCB8A /* LaunchScreen.storyboard */ = {
			isa = PBXVariantGroup;
			children = (
				174B6AED21E10874007DCB8A /* Base */,
			);
			name = LaunchScreen.storyboard;
			sourceTree = "<group>";
		};
/* End PBXVariantGroup section */

/* Begin XCBuildConfiguration section */
		174B6AF021E10875007DCB8A /* Debug */ = {
			isa = XCBuildConfiguration;
			buildSettings = {
				ALWAYS_SEARCH_USER_PATHS = NO;
				CLANG_ANALYZER_NONNULL = YES;
				CLANG_ANALYZER_NUMBER_OBJECT_CONVERSION = YES_AGGRESSIVE;
				CLANG_CXX_LANGUAGE_STANDARD = "gnu++14";
				CLANG_CXX_LIBRARY = "libc++";
				CLANG_ENABLE_MODULES = YES;
				CLANG_ENABLE_OBJC_ARC = YES;
				CLANG_ENABLE_OBJC_WEAK = YES;
				CLANG_WARN_BLOCK_CAPTURE_AUTORELEASING = YES;
				CLANG_WARN_BOOL_CONVERSION = YES;
				CLANG_WARN_COMMA = YES;
				CLANG_WARN_CONSTANT_CONVERSION = YES;
				CLANG_WARN_DEPRECATED_OBJC_IMPLEMENTATIONS = YES;
				CLANG_WARN_DIRECT_OBJC_ISA_USAGE = YES_ERROR;
				CLANG_WARN_DOCUMENTATION_COMMENTS = YES;
				CLANG_WARN_EMPTY_BODY = YES;
				CLANG_WARN_ENUM_CONVERSION = YES;
				CLANG_WARN_INFINITE_RECURSION = YES;
				CLANG_WARN_INT_CONVERSION = YES;
				CLANG_WARN_NON_LITERAL_NULL_CONVERSION = YES;
				CLANG_WARN_OBJC_IMPLICIT_RETAIN_SELF = YES;
				CLANG_WARN_OBJC_LITERAL_CONVERSION = YES;
				CLANG_WARN_OBJC_ROOT_CLASS = YES_ERROR;
				CLANG_WARN_RANGE_LOOP_ANALYSIS = YES;
				CLANG_WARN_STRICT_PROTOTYPES = YES;
				CLANG_WARN_SUSPICIOUS_MOVE = YES;
				CLANG_WARN_UNGUARDED_AVAILABILITY = YES_AGGRESSIVE;
				CLANG_WARN_UNREACHABLE_CODE = YES;
				CLANG_WARN__DUPLICATE_METHOD_MATCH = YES;
				CODE_SIGN_IDENTITY = "iPhone Developer";
				COPY_PHASE_STRIP = NO;
				DEBUG_INFORMATION_FORMAT = dwarf;
				ENABLE_STRICT_OBJC_MSGSEND = YES;
				ENABLE_TESTABILITY = YES;
				GCC_C_LANGUAGE_STANDARD = gnu11;
				GCC_DYNAMIC_NO_PIC = NO;
				GCC_NO_COMMON_BLOCKS = YES;
				GCC_OPTIMIZATION_LEVEL = 0;
				GCC_PREPROCESSOR_DEFINITIONS = (
					"DEBUG=1",
					"$(inherited)",
				);
				GCC_WARN_64_TO_32_BIT_CONVERSION = YES;
				GCC_WARN_ABOUT_RETURN_TYPE = YES_ERROR;
				GCC_WARN_UNDECLARED_SELECTOR = YES;
				GCC_WARN_UNINITIALIZED_AUTOS = YES_AGGRESSIVE;
				GCC_WARN_UNUSED_FUNCTION = YES;
				GCC_WARN_UNUSED_VARIABLE = YES;
				IPHONEOS_DEPLOYMENT_TARGET = 12.1;
				MTL_ENABLE_DEBUG_INFO = INCLUDE_SOURCE;
				MTL_FAST_MATH = YES;
				ONLY_ACTIVE_ARCH = YES;
				SDKROOT = iphoneos;
				SWIFT_ACTIVE_COMPILATION_CONDITIONS = DEBUG;
				SWIFT_OPTIMIZATION_LEVEL = "-Onone";
			};
			name = Debug;
		};
		174B6AF121E10875007DCB8A /* Release */ = {
			isa = XCBuildConfiguration;
			buildSettings = {
				ALWAYS_SEARCH_USER_PATHS = NO;
				CLANG_ANALYZER_NONNULL = YES;
				CLANG_ANALYZER_NUMBER_OBJECT_CONVERSION = YES_AGGRESSIVE;
				CLANG_CXX_LANGUAGE_STANDARD = "gnu++14";
				CLANG_CXX_LIBRARY = "libc++";
				CLANG_ENABLE_MODULES = YES;
				CLANG_ENABLE_OBJC_ARC = YES;
				CLANG_ENABLE_OBJC_WEAK = YES;
				CLANG_WARN_BLOCK_CAPTURE_AUTORELEASING = YES;
				CLANG_WARN_BOOL_CONVERSION = YES;
				CLANG_WARN_COMMA = YES;
				CLANG_WARN_CONSTANT_CONVERSION = YES;
				CLANG_WARN_DEPRECATED_OBJC_IMPLEMENTATIONS = YES;
				CLANG_WARN_DIRECT_OBJC_ISA_USAGE = YES_ERROR;
				CLANG_WARN_DOCUMENTATION_COMMENTS = YES;
				CLANG_WARN_EMPTY_BODY = YES;
				CLANG_WARN_ENUM_CONVERSION = YES;
				CLANG_WARN_INFINITE_RECURSION = YES;
				CLANG_WARN_INT_CONVERSION = YES;
				CLANG_WARN_NON_LITERAL_NULL_CONVERSION = YES;
				CLANG_WARN_OBJC_IMPLICIT_RETAIN_SELF = YES;
				CLANG_WARN_OBJC_LITERAL_CONVERSION = YES;
				CLANG_WARN_OBJC_ROOT_CLASS = YES_ERROR;
				CLANG_WARN_RANGE_LOOP_ANALYSIS = YES;
				CLANG_WARN_STRICT_PROTOTYPES = YES;
				CLANG_WARN_SUSPICIOUS_MOVE = YES;
				CLANG_WARN_UNGUARDED_AVAILABILITY = YES_AGGRESSIVE;
				CLANG_WARN_UNREACHABLE_CODE = YES;
				CLANG_WARN__DUPLICATE_METHOD_MATCH = YES;
				CODE_SIGN_IDENTITY = "iPhone Developer";
				COPY_PHASE_STRIP = NO;
				DEBUG_INFORMATION_FORMAT = "dwarf-with-dsym";
				ENABLE_NS_ASSERTIONS = NO;
				ENABLE_STRICT_OBJC_MSGSEND = YES;
				GCC_C_LANGUAGE_STANDARD = gnu11;
				GCC_NO_COMMON_BLOCKS = YES;
				GCC_WARN_64_TO_32_BIT_CONVERSION = YES;
				GCC_WARN_ABOUT_RETURN_TYPE = YES_ERROR;
				GCC_WARN_UNDECLARED_SELECTOR = YES;
				GCC_WARN_UNINITIALIZED_AUTOS = YES_AGGRESSIVE;
				GCC_WARN_UNUSED_FUNCTION = YES;
				GCC_WARN_UNUSED_VARIABLE = YES;
				IPHONEOS_DEPLOYMENT_TARGET = 12.1;
				MTL_ENABLE_DEBUG_INFO = NO;
				MTL_FAST_MATH = YES;
				SDKROOT = iphoneos;
				SWIFT_COMPILATION_MODE = wholemodule;
				SWIFT_OPTIMIZATION_LEVEL = "-O";
				VALIDATE_PRODUCT = YES;
			};
			name = Release;
		};
		174B6AF321E10875007DCB8A /* Debug */ = {
			isa = XCBuildConfiguration;
			buildSettings = {
				ASSETCATALOG_COMPILER_APPICON_NAME = AppIcon;
				CODE_SIGN_STYLE = Automatic;
				DEVELOPMENT_TEAM = 8RE8F29B63;
				INFOPLIST_FILE = "On the Map/Info.plist";
				LD_RUNPATH_SEARCH_PATHS = (
					"$(inherited)",
					"@executable_path/Frameworks",
				);
				PRODUCT_BUNDLE_IDENTIFIER = "tech.saud.On-the-Map";
				PRODUCT_NAME = "$(TARGET_NAME)";
				SWIFT_VERSION = 4.2;
				TARGETED_DEVICE_FAMILY = "1,2";
			};
			name = Debug;
		};
		174B6AF421E10875007DCB8A /* Release */ = {
			isa = XCBuildConfiguration;
			buildSettings = {
				ASSETCATALOG_COMPILER_APPICON_NAME = AppIcon;
				CODE_SIGN_STYLE = Automatic;
				DEVELOPMENT_TEAM = 8RE8F29B63;
				INFOPLIST_FILE = "On the Map/Info.plist";
				LD_RUNPATH_SEARCH_PATHS = (
					"$(inherited)",
					"@executable_path/Frameworks",
				);
				PRODUCT_BUNDLE_IDENTIFIER = "tech.saud.On-the-Map";
				PRODUCT_NAME = "$(TARGET_NAME)";
				SWIFT_VERSION = 4.2;
				TARGETED_DEVICE_FAMILY = "1,2";
			};
			name = Release;
		};
/* End XCBuildConfiguration section */

/* Begin XCConfigurationList section */
		174B6ADB21E10873007DCB8A /* Build configuration list for PBXProject "On the Map" */ = {
			isa = XCConfigurationList;
			buildConfigurations = (
				174B6AF021E10875007DCB8A /* Debug */,
				174B6AF121E10875007DCB8A /* Release */,
			);
			defaultConfigurationIsVisible = 0;
			defaultConfigurationName = Release;
		};
		174B6AF221E10875007DCB8A /* Build configuration list for PBXNativeTarget "On the Map" */ = {
			isa = XCConfigurationList;
			buildConfigurations = (
				174B6AF321E10875007DCB8A /* Debug */,
				174B6AF421E10875007DCB8A /* Release */,
			);
			defaultConfigurationIsVisible = 0;
			defaultConfigurationName = Release;
		};
/* End XCConfigurationList section */
	};
	rootObject = 174B6AD821E10873007DCB8A /* Project object */;
}
